# This file is automatically @generated by Cargo.
# It is not intended for manual editing.
version = 4

[[package]]
name = "sapstudio-abi"
version = "0.0.1"
dependencies = [
 "sapstudio-core",
]

[[package]]
name = "sapstudio-app"
version = "0.0.1"
dependencies = [
 "sapstudio-abi",
 "sapstudio-audio",
 "sapstudio-core",
 "sapstudio-io",
 "sapstudio-media",
 "sapstudio-model",
 "sapstudio-render",
]

[[package]]
name = "sapstudio-audio"
version = "0.0.1"
dependencies = [
 "sapstudio-core",
]

[[package]]
name = "sapstudio-core"
version = "0.0.1"

[[package]]
name = "sapstudio-io"
version = "0.0.1"
dependencies = [
 "sapstudio-abi",
 "sapstudio-audio",
 "sapstudio-core",
 "sapstudio-media",
 "sapstudio-model",
 "sapstudio-render",
]

[[package]]
name = "sapstudio-media"
version = "0.0.1"
dependencies = [
 "sapstudio-core",
]

[[package]]
name = "sapstudio-model"
version = "0.0.1"
dependencies = [
 "sapstudio-core",
]

[[package]]
name = "sapstudio-render"
version = "0.0.1"
dependencies = [
 "sapstudio-core",
 "sapstudio-media",
]

[[package]]
name = "sapstudio-rt"
version = "0.0.1"
dependencies = [
 "sapstudio-abi",
]
